{"filter":false,"title":"Gemfile.lock","tooltip":"/Gemfile.lock","undoManager":{"mark":-1,"position":-1,"stack":[]},"ace":{"folds":[],"scrolltop":1800,"scrollleft":0,"selection":{"start":{"row":11,"column":29},"end":{"row":11,"column":29},"isBackwards":false},"options":{"guessTabSize":true,"useWrapMode":false,"wrapToView":true},"firstLineState":{"row":127,"state":"start","mode":"ace/mode/text"}},"timestamp":1472915044318,"hash":"a2b336dec8cc7a29e62a68795941670ca819b41b"}